<?xml version="1.0" encoding="utf-8"?>
<Project ToolsVersion="4.0" xmlns="http://schemas.microsoft.com/developer/msbuild/2003">
  <ItemGroup>
    <Filter Include="Source Files">
      <UniqueIdentifier>{4FC737F1-C7A5-4376-A066-2A32D752A2FF}</UniqueIdentifier>
      <Extensions>cpp;c;cc;cxx;def;odl;idl;hpj;bat;asm;asmx</Extensions>
    </Filter>
    <Filter Include="Header Files">
      <UniqueIdentifier>{93995380-89BD-4b04-88EB-625FBE52EBFB}</UniqueIdentifier>
      <Extensions>h;hh;hpp;hxx;hm;inl;inc;ipp;xsd</Extensions>
    </Filter>
    <Filter Include="Resource Files">
      <UniqueIdentifier>{67DA6AB6-F800-4c08-8B7A-83BB121AAD01}</UniqueIdentifier>
      <Extensions>rc;ico;cur;bmp;dlg;rc2;rct;bin;rgs;gif;jpg;jpeg;jpe;resx;tiff;tif;png;wav;mfcribbon-ms</Extensions>
    </Filter>
    <Filter Include="TestELF">
      <UniqueIdentifier>{31db1dfa-0fa5-406e-b622-4721aab04288}</UniqueIdentifier>
    </Filter>
    <Filter Include="Header Files\Lambda">
      <UniqueIdentifier>{a3057b0d-5bb4-4e93-8a8a-0a910acb665f}</UniqueIdentifier>
    </Filter>
  </ItemGroup>
  <ItemGroup>
    <ClCompile Include="ELFFormat.cpp">
      <Filter>Source Files</Filter>
    </ClCompile>
    <ClCompile Include="ELFBufferBytes.cpp">
      <Filter>Source Files</Filter>
    </ClCompile>
    <ClCompile Include="Loader.cpp">
      <Filter>Source Files</Filter>
    </ClCompile>
    <ClCompile Include="ELFReader.cpp">
      <Filter>Source Files</Filter>
    </ClCompile>
    <ClCompile Include="Endian_Swap.cpp">
      <Filter>Source Files</Filter>
    </ClCompile>
    <ClCompile Include="X86OpcodeTable.cpp">
      <Filter>Source Files</Filter>
    </ClCompile>
  </ItemGroup>
  <ItemGroup>
    <ClInclude Include="ELFStructure.h">
      <Filter>Header Files</Filter>
    </ClInclude>
    <ClInclude Include="VectorSearch.h">
      <Filter>Header Files</Filter>
    </ClInclude>
    <ClInclude Include="LambdaProgramHeader.h">
      <Filter>Header Files\Lambda</Filter>
    </ClInclude>
    <ClInclude Include="Enumerations.h">
      <Filter>Header Files</Filter>
    </ClInclude>
    <ClInclude Include="X86Opcode.h">
      <Filter>Header Files</Filter>
    </ClInclude>
  </ItemGroup>
  <ItemGroup>
    <None Include="..\..\..\..\Downloads\helloworld\chello">
      <Filter>TestELF</Filter>
    </None>
    <None Include="..\..\..\..\Downloads\helloworld\hello">
      <Filter>TestELF</Filter>
    </None>
  </ItemGroup>
</Project>